// !$*UTF8*$!
{
	archiveVersion = 1;
	classes = {
	};
	objectVersion = 77;
	objects = {

/* Begin PBXBuildFile section */
		5EDBA4D81CE276DB5711D2ED /* Pods_TrustArcMobileApp_TrustArcMobileAppUITests.framework in Frameworks */ = {isa = PBXBuildFile; fileRef = 55991B59260BE72EB622FAEF /* Pods_TrustArcMobileApp_TrustArcMobileAppUITests.framework */; };
		D6FBEE3D407A4170DA1787E9 /* Pods_TrustArcMobileApp.framework in Frameworks */ = {isa = PBXBuildFile; fileRef = C3B5049207E332F21217645A /* Pods_TrustArcMobileApp.framework */; };
		E505F668AD83C25AEF7E7F90 /* Pods_TrustArcMobileAppTests.framework in Frameworks */ = {isa = PBXBuildFile; fileRef = 4A70876D8C032AD436B229B9 /* Pods_TrustArcMobileAppTests.framework */; };
/* End PBXBuildFile section */

/* Begin PBXContainerItemProxy section */
		E029BC382D8114FF0082BC58 /* PBXContainerItemProxy */ = {
			isa = PBXContainerItemProxy;
			containerPortal = E029BC1F2D8114FC0082BC58 /* Project object */;
			proxyType = 1;
			remoteGlobalIDString = E029BC262D8114FC0082BC58;
			remoteInfo = TrustArcMobileApp;
		};
		E029BC422D8114FF0082BC58 /* PBXContainerItemProxy */ = {
			isa = PBXContainerItemProxy;
			containerPortal = E029BC1F2D8114FC0082BC58 /* Project object */;
			proxyType = 1;
			remoteGlobalIDString = E029BC262D8114FC0082BC58;
			remoteInfo = TrustArcMobileApp;
		};
/* End PBXContainerItemProxy section */

/* Begin PBXCopyFilesBuildPhase section */
		E000AD822E6EB9450016BE36 /* Embed Frameworks */ = {
			isa = PBXCopyFilesBuildPhase;
			buildActionMask = 2147483647;
			dstPath = "";
			dstSubfolderSpec = 10;
			files = (
			);
			name = "Embed Frameworks";
			runOnlyForDeploymentPostprocessing = 0;
		};
/* End PBXCopyFilesBuildPhase section */

/* Begin PBXFileReference section */
		37D9A1AEDC415344AFC68231 /* Pods-TrustArcMobileAppTests.debug.xcconfig */ = {isa = PBXFileReference; includeInIndex = 1; lastKnownFileType = text.xcconfig; name = "Pods-TrustArcMobileAppTests.debug.xcconfig"; path = "Target Support Files/Pods-TrustArcMobileAppTests/Pods-TrustArcMobileAppTests.debug.xcconfig"; sourceTree = "<group>"; };
		483E2202EBFEC78CFC8A2C86 /* Pods-TrustArcMobileAppTests.release.xcconfig */ = {isa = PBXFileReference; includeInIndex = 1; lastKnownFileType = text.xcconfig; name = "Pods-TrustArcMobileAppTests.release.xcconfig"; path = "Target Support Files/Pods-TrustArcMobileAppTests/Pods-TrustArcMobileAppTests.release.xcconfig"; sourceTree = "<group>"; };
		4A70876D8C032AD436B229B9 /* Pods_TrustArcMobileAppTests.framework */ = {isa = PBXFileReference; explicitFileType = wrapper.framework; includeInIndex = 0; path = Pods_TrustArcMobileAppTests.framework; sourceTree = BUILT_PRODUCTS_DIR; };
		55991B59260BE72EB622FAEF /* Pods_TrustArcMobileApp_TrustArcMobileAppUITests.framework */ = {isa = PBXFileReference; explicitFileType = wrapper.framework; includeInIndex = 0; path = Pods_TrustArcMobileApp_TrustArcMobileAppUITests.framework; sourceTree = BUILT_PRODUCTS_DIR; };
		6DB601BBE5851ACF3729779B /* Pods-TrustArcMobileApp-TrustArcMobileAppUITests.release.xcconfig */ = {isa = PBXFileReference; includeInIndex = 1; lastKnownFileType = text.xcconfig; name = "Pods-TrustArcMobileApp-TrustArcMobileAppUITests.release.xcconfig"; path = "Target Support Files/Pods-TrustArcMobileApp-TrustArcMobileAppUITests/Pods-TrustArcMobileApp-TrustArcMobileAppUITests.release.xcconfig"; sourceTree = "<group>"; };
		928332C2DAE63C49775DA806 /* Pods-TrustArcMobileApp.release.xcconfig */ = {isa = PBXFileReference; includeInIndex = 1; lastKnownFileType = text.xcconfig; name = "Pods-TrustArcMobileApp.release.xcconfig"; path = "Target Support Files/Pods-TrustArcMobileApp/Pods-TrustArcMobileApp.release.xcconfig"; sourceTree = "<group>"; };
		B54D1C393590AC85B153632B /* Pods-TrustArcMobileApp.debug.xcconfig */ = {isa = PBXFileReference; includeInIndex = 1; lastKnownFileType = text.xcconfig; name = "Pods-TrustArcMobileApp.debug.xcconfig"; path = "Target Support Files/Pods-TrustArcMobileApp/Pods-TrustArcMobileApp.debug.xcconfig"; sourceTree = "<group>"; };
		C3B5049207E332F21217645A /* Pods_TrustArcMobileApp.framework */ = {isa = PBXFileReference; explicitFileType = wrapper.framework; includeInIndex = 0; path = Pods_TrustArcMobileApp.framework; sourceTree = BUILT_PRODUCTS_DIR; };
		D749D17B4161CD5F8AD0F0DF /* Pods-TrustArcMobileApp-TrustArcMobileAppUITests.debug.xcconfig */ = {isa = PBXFileReference; includeInIndex = 1; lastKnownFileType = text.xcconfig; name = "Pods-TrustArcMobileApp-TrustArcMobileAppUITests.debug.xcconfig"; path = "Target Support Files/Pods-TrustArcMobileApp-TrustArcMobileAppUITests/Pods-TrustArcMobileApp-TrustArcMobileAppUITests.debug.xcconfig"; sourceTree = "<group>"; };
		E029BC272D8114FC0082BC58 /* TrustArcMobileApp.app */ = {isa = PBXFileReference; explicitFileType = wrapper.application; includeInIndex = 0; path = TrustArcMobileApp.app; sourceTree = BUILT_PRODUCTS_DIR; };
		E029BC372D8114FF0082BC58 /* TrustArcMobileAppTests.xctest */ = {isa = PBXFileReference; explicitFileType = wrapper.cfbundle; includeInIndex = 0; path = TrustArcMobileAppTests.xctest; sourceTree = BUILT_PRODUCTS_DIR; };
		E029BC412D8114FF0082BC58 /* TrustArcMobileAppUITests.xctest */ = {isa = PBXFileReference; explicitFileType = wrapper.cfbundle; includeInIndex = 0; path = TrustArcMobileAppUITests.xctest; sourceTree = BUILT_PRODUCTS_DIR; };
/* End PBXFileReference section */

/* Begin PBXFileSystemSynchronizedRootGroup section */
		E029BC292D8114FC0082BC58 /* TrustArcMobileApp */ = {
			isa = PBXFileSystemSynchronizedRootGroup;
			exceptions = (
			);
			path = TrustArcMobileApp;
			sourceTree = "<group>";
		};
		E029BC3A2D8114FF0082BC58 /* TrustArcMobileAppTests */ = {
			isa = PBXFileSystemSynchronizedRootGroup;
			exceptions = (
			);
			path = TrustArcMobileAppTests;
			sourceTree = "<group>";
		};
		E029BC442D8114FF0082BC58 /* TrustArcMobileAppUITests */ = {
			isa = PBXFileSystemSynchronizedRootGroup;
			exceptions = (
			);
			path = TrustArcMobileAppUITests;
			sourceTree = "<group>";
		};
/* End PBXFileSystemSynchronizedRootGroup section */

/* Begin PBXFrameworksBuildPhase section */
		E029BC242D8114FC0082BC58 /* Frameworks */ = {
			isa = PBXFrameworksBuildPhase;
			buildActionMask = 2147483647;
			files = (
				D6FBEE3D407A4170DA1787E9 /* Pods_TrustArcMobileApp.framework in Frameworks */,
			);
			runOnlyForDeploymentPostprocessing = 0;
		};
		E029BC342D8114FF0082BC58 /* Frameworks */ = {
			isa = PBXFrameworksBuildPhase;
			buildActionMask = 2147483647;
			files = (
				E505F668AD83C25AEF7E7F90 /* Pods_TrustArcMobileAppTests.framework in Frameworks */,
			);
			runOnlyForDeploymentPostprocessing = 0;
		};
		E029BC3E2D8114FF0082BC58 /* Frameworks */ = {
			isa = PBXFrameworksBuildPhase;
			buildActionMask = 2147483647;
			files = (
				5EDBA4D81CE276DB5711D2ED /* Pods_TrustArcMobileApp_TrustArcMobileAppUITests.framework in Frameworks */,
			);
			runOnlyForDeploymentPostprocessing = 0;
		};
/* End PBXFrameworksBuildPhase section */

/* Begin PBXGroup section */
		263F0085BD9DD248FF304F33 /* Pods */ = {
			isa = PBXGroup;
			children = (
				B54D1C393590AC85B153632B /* Pods-TrustArcMobileApp.debug.xcconfig */,
				928332C2DAE63C49775DA806 /* Pods-TrustArcMobileApp.release.xcconfig */,
				D749D17B4161CD5F8AD0F0DF /* Pods-TrustArcMobileApp-TrustArcMobileAppUITests.debug.xcconfig */,
				6DB601BBE5851ACF3729779B /* Pods-TrustArcMobileApp-TrustArcMobileAppUITests.release.xcconfig */,
				37D9A1AEDC415344AFC68231 /* Pods-TrustArcMobileAppTests.debug.xcconfig */,
				483E2202EBFEC78CFC8A2C86 /* Pods-TrustArcMobileAppTests.release.xcconfig */,
			);
			path = Pods;
			sourceTree = "<group>";
		};
		A70F5A551574CEB2AB3F9262 /* Frameworks */ = {
			isa = PBXGroup;
			children = (
				C3B5049207E332F21217645A /* Pods_TrustArcMobileApp.framework */,
				55991B59260BE72EB622FAEF /* Pods_TrustArcMobileApp_TrustArcMobileAppUITests.framework */,
				4A70876D8C032AD436B229B9 /* Pods_TrustArcMobileAppTests.framework */,
			);
			name = Frameworks;
			sourceTree = "<group>";
		};
		E029BC1E2D8114FC0082BC58 = {
			isa = PBXGroup;
			children = (
				E029BC292D8114FC0082BC58 /* TrustArcMobileApp */,
				E029BC3A2D8114FF0082BC58 /* TrustArcMobileAppTests */,
				E029BC442D8114FF0082BC58 /* TrustArcMobileAppUITests */,
				E029BC282D8114FC0082BC58 /* Products */,
				263F0085BD9DD248FF304F33 /* Pods */,
				A70F5A551574CEB2AB3F9262 /* Frameworks */,
			);
			sourceTree = "<group>";
		};
		E029BC282D8114FC0082BC58 /* Products */ = {
			isa = PBXGroup;
			children = (
				E029BC272D8114FC0082BC58 /* TrustArcMobileApp.app */,
				E029BC372D8114FF0082BC58 /* TrustArcMobileAppTests.xctest */,
				E029BC412D8114FF0082BC58 /* TrustArcMobileAppUITests.xctest */,
			);
			name = Products;
			sourceTree = "<group>";
		};
/* End PBXGroup section */

/* Begin PBXNativeTarget section */
		E029BC262D8114FC0082BC58 /* TrustArcMobileApp */ = {
			isa = PBXNativeTarget;
			buildConfigurationList = E029BC4B2D8114FF0082BC58 /* Build configuration list for PBXNativeTarget "TrustArcMobileApp" */;
			buildPhases = (
				96AF93953B778547E8BD150F /* [CP] Check Pods Manifest.lock */,
				E029BC232D8114FC0082BC58 /* Sources */,
				E029BC242D8114FC0082BC58 /* Frameworks */,
				E029BC252D8114FC0082BC58 /* Resources */,
				E000AD822E6EB9450016BE36 /* Embed Frameworks */,
				4A6E8A81934DDD7D8FE8F59C /* [CP] Embed Pods Frameworks */,
			);
			buildRules = (
			);
			dependencies = (
			);
			fileSystemSynchronizedGroups = (
				E029BC292D8114FC0082BC58 /* TrustArcMobileApp */,
			);
			name = TrustArcMobileApp;
			productName = TrustArcMobileApp;
			productReference = E029BC272D8114FC0082BC58 /* TrustArcMobileApp.app */;
			productType = "com.apple.product-type.application";
		};
		E029BC362D8114FF0082BC58 /* TrustArcMobileAppTests */ = {
			isa = PBXNativeTarget;
			buildConfigurationList = E029BC4E2D8114FF0082BC58 /* Build configuration list for PBXNativeTarget "TrustArcMobileAppTests" */;
			buildPhases = (
				ABD024490C1AB9C3040462EC /* [CP] Check Pods Manifest.lock */,
				E029BC332D8114FF0082BC58 /* Sources */,
				E029BC342D8114FF0082BC58 /* Frameworks */,
				E029BC352D8114FF0082BC58 /* Resources */,
			);
			buildRules = (
			);
			dependencies = (
				E029BC392D8114FF0082BC58 /* PBXTargetDependency */,
			);
			fileSystemSynchronizedGroups = (
				E029BC3A2D8114FF0082BC58 /* TrustArcMobileAppTests */,
			);
			name = TrustArcMobileAppTests;
			productName = TrustArcMobileAppTests;
			productReference = E029BC372D8114FF0082BC58 /* TrustArcMobileAppTests.xctest */;
			productType = "com.apple.product-type.bundle.unit-test";
		};
		E029BC402D8114FF0082BC58 /* TrustArcMobileAppUITests */ = {
			isa = PBXNativeTarget;
			buildConfigurationList = E029BC512D8114FF0082BC58 /* Build configuration list for PBXNativeTarget "TrustArcMobileAppUITests" */;
			buildPhases = (
				0D2D8CE7120BFB5419494205 /* [CP] Check Pods Manifest.lock */,
				E029BC3D2D8114FF0082BC58 /* Sources */,
				E029BC3E2D8114FF0082BC58 /* Frameworks */,
				E029BC3F2D8114FF0082BC58 /* Resources */,
				9098422F8D042C9A6AC662CC /* [CP] Embed Pods Frameworks */,
			);
			buildRules = (
			);
			dependencies = (
				E029BC432D8114FF0082BC58 /* PBXTargetDependency */,
			);
			fileSystemSynchronizedGroups = (
				E029BC442D8114FF0082BC58 /* TrustArcMobileAppUITests */,
			);
			name = TrustArcMobileAppUITests;
			productName = TrustArcMobileAppUITests;
			productReference = E029BC412D8114FF0082BC58 /* TrustArcMobileAppUITests.xctest */;
			productType = "com.apple.product-type.bundle.ui-testing";
		};
/* End PBXNativeTarget section */

/* Begin PBXProject section */
		E029BC1F2D8114FC0082BC58 /* Project object */ = {
			isa = PBXProject;
			attributes = {
				BuildIndependentTargetsInParallel = 1;
				LastSwiftUpdateCheck = 1620;
				LastUpgradeCheck = 1620;
				TargetAttributes = {
					E029BC262D8114FC0082BC58 = {
						CreatedOnToolsVersion = 16.2;
					};
					E029BC362D8114FF0082BC58 = {
						CreatedOnToolsVersion = 16.2;
						TestTargetID = E029BC262D8114FC0082BC58;
					};
					E029BC402D8114FF0082BC58 = {
						CreatedOnToolsVersion = 16.2;
						TestTargetID = E029BC262D8114FC0082BC58;
					};
				};
			};
			buildConfigurationList = E029BC222D8114FC0082BC58 /* Build configuration list for PBXProject "TrustArcMobileApp" */;
			developmentRegion = en;
			hasScannedForEncodings = 0;
			knownRegions = (
				en,
				Base,
			);
			mainGroup = E029BC1E2D8114FC0082BC58;
			minimizedProjectReferenceProxies = 1;
			preferredProjectObjectVersion = 77;
			productRefGroup = E029BC282D8114FC0082BC58 /* Products */;
			projectDirPath = "";
			projectRoot = "";
			targets = (
				E029BC262D8114FC0082BC58 /* TrustArcMobileApp */,
				E029BC362D8114FF0082BC58 /* TrustArcMobileAppTests */,
				E029BC402D8114FF0082BC58 /* TrustArcMobileAppUITests */,
			);
		};
/* End PBXProject section */

/* Begin PBXResourcesBuildPhase section */
		E029BC252D8114FC0082BC58 /* Resources */ = {
			isa = PBXResourcesBuildPhase;
			buildActionMask = 2147483647;
			files = (
			);
			runOnlyForDeploymentPostprocessing = 0;
		};
		E029BC352D8114FF0082BC58 /* Resources */ = {
			isa = PBXResourcesBuildPhase;
			buildActionMask = 2147483647;
			files = (
			);
			runOnlyForDeploymentPostprocessing = 0;
		};
		E029BC3F2D8114FF0082BC58 /* Resources */ = {
			isa = PBXResourcesBuildPhase;
			buildActionMask = 2147483647;
			files = (
			);
			runOnlyForDeploymentPostprocessing = 0;
		};
/* End PBXResourcesBuildPhase section */

/* Begin PBXShellScriptBuildPhase section */
		0D2D8CE7120BFB5419494205 /* [CP] Check Pods Manifest.lock */ = {
			isa = PBXShellScriptBuildPhase;
			buildActionMask = 2147483647;
			files = (
			);
			inputFileListPaths = (
			);
			inputPaths = (
				"${PODS_PODFILE_DIR_PATH}/Podfile.lock",
				"${PODS_ROOT}/Manifest.lock",
			);
			name = "[CP] Check Pods Manifest.lock";
			outputFileListPaths = (
			);
			outputPaths = (
				"$(DERIVED_FILE_DIR)/Pods-TrustArcMobileApp-TrustArcMobileAppUITests-checkManifestLockResult.txt",
			);
			runOnlyForDeploymentPostprocessing = 0;
			shellPath = /bin/sh;
			shellScript = "diff \"${PODS_PODFILE_DIR_PATH}/Podfile.lock\" \"${PODS_ROOT}/Manifest.lock\" > /dev/null\nif [ $? != 0 ] ; then\n    # print error to STDERR\n    echo \"error: The sandbox is not in sync with the Podfile.lock. Run 'pod install' or update your CocoaPods installation.\" >&2\n    exit 1\nfi\n# This output is used by Xcode 'outputs' to avoid re-running this script phase.\necho \"SUCCESS\" > \"${SCRIPT_OUTPUT_FILE_0}\"\n";
			showEnvVarsInLog = 0;
		};
		4A6E8A81934DDD7D8FE8F59C /* [CP] Embed Pods Frameworks */ = {
			isa = PBXShellScriptBuildPhase;
			buildActionMask = 2147483647;
			files = (
			);
			inputFileListPaths = (
				"${PODS_ROOT}/Target Support Files/Pods-TrustArcMobileApp/Pods-TrustArcMobileApp-frameworks-${CONFIGURATION}-input-files.xcfilelist",
			);
			name = "[CP] Embed Pods Frameworks";
			outputFileListPaths = (
				"${PODS_ROOT}/Target Support Files/Pods-TrustArcMobileApp/Pods-TrustArcMobileApp-frameworks-${CONFIGURATION}-output-files.xcfilelist",
			);
			runOnlyForDeploymentPostprocessing = 0;
			shellPath = /bin/sh;
			shellScript = "\"${PODS_ROOT}/Target Support Files/Pods-TrustArcMobileApp/Pods-TrustArcMobileApp-frameworks.sh\"\n";
			showEnvVarsInLog = 0;
		};
		9098422F8D042C9A6AC662CC /* [CP] Embed Pods Frameworks */ = {
			isa = PBXShellScriptBuildPhase;
			buildActionMask = 2147483647;
			files = (
			);
			inputFileListPaths = (
				"${PODS_ROOT}/Target Support Files/Pods-TrustArcMobileApp-TrustArcMobileAppUITests/Pods-TrustArcMobileApp-TrustArcMobileAppUITests-frameworks-${CONFIGURATION}-input-files.xcfilelist",
			);
			name = "[CP] Embed Pods Frameworks";
			outputFileListPaths = (
				"${PODS_ROOT}/Target Support Files/Pods-TrustArcMobileApp-TrustArcMobileAppUITests/Pods-TrustArcMobileApp-TrustArcMobileAppUITests-frameworks-${CONFIGURATION}-output-files.xcfilelist",
			);
			runOnlyForDeploymentPostprocessing = 0;
			shellPath = /bin/sh;
			shellScript = "\"${PODS_ROOT}/Target Support Files/Pods-TrustArcMobileApp-TrustArcMobileAppUITests/Pods-TrustArcMobileApp-TrustArcMobileAppUITests-frameworks.sh\"\n";
			showEnvVarsInLog = 0;
		};
		96AF93953B778547E8BD150F /* [CP] Check Pods Manifest.lock */ = {
			isa = PBXShellScriptBuildPhase;
			buildActionMask = 2147483647;
			files = (
			);
			inputFileListPaths = (
			);
			inputPaths = (
				"${PODS_PODFILE_DIR_PATH}/Podfile.lock",
				"${PODS_ROOT}/Manifest.lock",
			);
			name = "[CP] Check Pods Manifest.lock";
			outputFileListPaths = (
			);
			outputPaths = (
				"$(DERIVED_FILE_DIR)/Pods-TrustArcMobileApp-checkManifestLockResult.txt",
			);
			runOnlyForDeploymentPostprocessing = 0;
			shellPath = /bin/sh;
			shellScript = "diff \"${PODS_PODFILE_DIR_PATH}/Podfile.lock\" \"${PODS_ROOT}/Manifest.lock\" > /dev/null\nif [ $? != 0 ] ; then\n    # print error to STDERR\n    echo \"error: The sandbox is not in sync with the Podfile.lock. Run 'pod install' or update your CocoaPods installation.\" >&2\n    exit 1\nfi\n# This output is used by Xcode 'outputs' to avoid re-running this script phase.\necho \"SUCCESS\" > \"${SCRIPT_OUTPUT_FILE_0}\"\n";
			showEnvVarsInLog = 0;
		};
		ABD024490C1AB9C3040462EC /* [CP] Check Pods Manifest.lock */ = {
			isa = PBXShellScriptBuildPhase;
			buildActionMask = 2147483647;
			files = (
			);
			inputFileListPaths = (
			);
			inputPaths = (
				"${PODS_PODFILE_DIR_PATH}/Podfile.lock",
				"${PODS_ROOT}/Manifest.lock",
			);
			name = "[CP] Check Pods Manifest.lock";
			outputFileListPaths = (
			);
			outputPaths = (
				"$(DERIVED_FILE_DIR)/Pods-TrustArcMobileAppTests-checkManifestLockResult.txt",
			);
			runOnlyForDeploymentPostprocessing = 0;
			shellPath = /bin/sh;
			shellScript = "diff \"${PODS_PODFILE_DIR_PATH}/Podfile.lock\" \"${PODS_ROOT}/Manifest.lock\" > /dev/null\nif [ $? != 0 ] ; then\n    # print error to STDERR\n    echo \"error: The sandbox is not in sync with the Podfile.lock. Run 'pod install' or update your CocoaPods installation.\" >&2\n    exit 1\nfi\n# This output is used by Xcode 'outputs' to avoid re-running this script phase.\necho \"SUCCESS\" > \"${SCRIPT_OUTPUT_FILE_0}\"\n";
			showEnvVarsInLog = 0;
		};
/* End PBXShellScriptBuildPhase section */

/* Begin PBXSourcesBuildPhase section */
		E029BC232D8114FC0082BC58 /* Sources */ = {
			isa = PBXSourcesBuildPhase;
			buildActionMask = 2147483647;
			files = (
			);
			runOnlyForDeploymentPostprocessing = 0;
		};
		E029BC332D8114FF0082BC58 /* Sources */ = {
			isa = PBXSourcesBuildPhase;
			buildActionMask = 2147483647;
			files = (
			);
			runOnlyForDeploymentPostprocessing = 0;
		};
		E029BC3D2D8114FF0082BC58 /* Sources */ = {
			isa = PBXSourcesBuildPhase;
			buildActionMask = 2147483647;
			files = (
			);
			runOnlyForDeploymentPostprocessing = 0;
		};
/* End PBXSourcesBuildPhase section */

/* Begin PBXTargetDependency section */
		E029BC392D8114FF0082BC58 /* PBXTargetDependency */ = {
			isa = PBXTargetDependency;
			target = E029BC262D8114FC0082BC58 /* TrustArcMobileApp */;
			targetProxy = E029BC382D8114FF0082BC58 /* PBXContainerItemProxy */;
		};
		E029BC432D8114FF0082BC58 /* PBXTargetDependency */ = {
			isa = PBXTargetDependency;
			target = E029BC262D8114FC0082BC58 /* TrustArcMobileApp */;
			targetProxy = E029BC422D8114FF0082BC58 /* PBXContainerItemProxy */;
		};
/* End PBXTargetDependency section */

/* Begin XCBuildConfiguration section */
		E029BC492D8114FF0082BC58 /* Debug */ = {
			isa = XCBuildConfiguration;
			buildSettings = {
				ALWAYS_SEARCH_USER_PATHS = NO;
				ASSETCATALOG_COMPILER_GENERATE_SWIFT_ASSET_SYMBOL_EXTENSIONS = YES;
				CLANG_ANALYZER_NONNULL = YES;
				CLANG_ANALYZER_NUMBER_OBJECT_CONVERSION = YES_AGGRESSIVE;
				CLANG_CXX_LANGUAGE_STANDARD = "gnu++20";
				CLANG_ENABLE_MODULES = YES;
				CLANG_ENABLE_OBJC_ARC = YES;
				CLANG_ENABLE_OBJC_WEAK = YES;
				CLANG_WARN_BLOCK_CAPTURE_AUTORELEASING = YES;
				CLANG_WARN_BOOL_CONVERSION = YES;
				CLANG_WARN_COMMA = YES;
				CLANG_WARN_CONSTANT_CONVERSION = YES;
				CLANG_WARN_DEPRECATED_OBJC_IMPLEMENTATIONS = YES;
				CLANG_WARN_DIRECT_OBJC_ISA_USAGE = YES_ERROR;
				CLANG_WARN_DOCUMENTATION_COMMENTS = YES;
				CLANG_WARN_EMPTY_BODY = YES;
				CLANG_WARN_ENUM_CONVERSION = YES;
				CLANG_WARN_INFINITE_RECURSION = YES;
				CLANG_WARN_INT_CONVERSION = YES;
				CLANG_WARN_NON_LITERAL_NULL_CONVERSION = YES;
				CLANG_WARN_OBJC_IMPLICIT_RETAIN_SELF = YES;
				CLANG_WARN_OBJC_LITERAL_CONVERSION = YES;
				CLANG_WARN_OBJC_ROOT_CLASS = YES_ERROR;
				CLANG_WARN_QUOTED_INCLUDE_IN_FRAMEWORK_HEADER = YES;
				CLANG_WARN_RANGE_LOOP_ANALYSIS = YES;
				CLANG_WARN_STRICT_PROTOTYPES = YES;
				CLANG_WARN_SUSPICIOUS_MOVE = YES;
				CLANG_WARN_UNGUARDED_AVAILABILITY = YES_AGGRESSIVE;
				CLANG_WARN_UNREACHABLE_CODE = YES;
				CLANG_WARN__DUPLICATE_METHOD_MATCH = YES;
				COPY_PHASE_STRIP = NO;
				DEBUG_INFORMATION_FORMAT = dwarf;
				ENABLE_STRICT_OBJC_MSGSEND = YES;
				ENABLE_TESTABILITY = YES;
				ENABLE_USER_SCRIPT_SANDBOXING = YES;
				GCC_C_LANGUAGE_STANDARD = gnu17;
				GCC_DYNAMIC_NO_PIC = NO;
				GCC_NO_COMMON_BLOCKS = YES;
				GCC_OPTIMIZATION_LEVEL = 0;
				GCC_PREPROCESSOR_DEFINITIONS = (
					"DEBUG=1",
					"$(inherited)",
				);
				GCC_WARN_64_TO_32_BIT_CONVERSION = YES;
				GCC_WARN_ABOUT_RETURN_TYPE = YES_ERROR;
				GCC_WARN_UNDECLARED_SELECTOR = YES;
				GCC_WARN_UNINITIALIZED_AUTOS = YES_AGGRESSIVE;
				GCC_WARN_UNUSED_FUNCTION = YES;
				GCC_WARN_UNUSED_VARIABLE = YES;
				IPHONEOS_DEPLOYMENT_TARGET = 18.2;
				LOCALIZATION_PREFERS_STRING_CATALOGS = YES;
				MTL_ENABLE_DEBUG_INFO = INCLUDE_SOURCE;
				MTL_FAST_MATH = YES;
				ONLY_ACTIVE_ARCH = YES;
				SDKROOT = iphoneos;
				SWIFT_ACTIVE_COMPILATION_CONDITIONS = "DEBUG $(inherited)";
				SWIFT_OPTIMIZATION_LEVEL = "-Onone";
			};
			name = Debug;
		};
		E029BC4A2D8114FF0082BC58 /* Release */ = {
			isa = XCBuildConfiguration;
			buildSettings = {
				ALWAYS_SEARCH_USER_PATHS = NO;
				ASSETCATALOG_COMPILER_GENERATE_SWIFT_ASSET_SYMBOL_EXTENSIONS = YES;
				CLANG_ANALYZER_NONNULL = YES;
				CLANG_ANALYZER_NUMBER_OBJECT_CONVERSION = YES_AGGRESSIVE;
				CLANG_CXX_LANGUAGE_STANDARD = "gnu++20";
				CLANG_ENABLE_MODULES = YES;
				CLANG_ENABLE_OBJC_ARC = YES;
				CLANG_ENABLE_OBJC_WEAK = YES;
				CLANG_WARN_BLOCK_CAPTURE_AUTORELEASING = YES;
				CLANG_WARN_BOOL_CONVERSION = YES;
				CLANG_WARN_COMMA = YES;
				CLANG_WARN_CONSTANT_CONVERSION = YES;
				CLANG_WARN_DEPRECATED_OBJC_IMPLEMENTATIONS = YES;
				CLANG_WARN_DIRECT_OBJC_ISA_USAGE = YES_ERROR;
				CLANG_WARN_DOCUMENTATION_COMMENTS = YES;
				CLANG_WARN_EMPTY_BODY = YES;
				CLANG_WARN_ENUM_CONVERSION = YES;
				CLANG_WARN_INFINITE_RECURSION = YES;
				CLANG_WARN_INT_CONVERSION = YES;
				CLANG_WARN_NON_LITERAL_NULL_CONVERSION = YES;
				CLANG_WARN_OBJC_IMPLICIT_RETAIN_SELF = YES;
				CLANG_WARN_OBJC_LITERAL_CONVERSION = YES;
				CLANG_WARN_OBJC_ROOT_CLASS = YES_ERROR;
				CLANG_WARN_QUOTED_INCLUDE_IN_FRAMEWORK_HEADER = YES;
				CLANG_WARN_RANGE_LOOP_ANALYSIS = YES;
				CLANG_WARN_STRICT_PROTOTYPES = YES;
				CLANG_WARN_SUSPICIOUS_MOVE = YES;
				CLANG_WARN_UNGUARDED_AVAILABILITY = YES_AGGRESSIVE;
				CLANG_WARN_UNREACHABLE_CODE = YES;
				CLANG_WARN__DUPLICATE_METHOD_MATCH = YES;
				COPY_PHASE_STRIP = NO;
				DEBUG_INFORMATION_FORMAT = "dwarf-with-dsym";
				ENABLE_NS_ASSERTIONS = NO;
				ENABLE_STRICT_OBJC_MSGSEND = YES;
				ENABLE_USER_SCRIPT_SANDBOXING = YES;
				GCC_C_LANGUAGE_STANDARD = gnu17;
				GCC_NO_COMMON_BLOCKS = YES;
				GCC_WARN_64_TO_32_BIT_CONVERSION = YES;
				GCC_WARN_ABOUT_RETURN_TYPE = YES_ERROR;
				GCC_WARN_UNDECLARED_SELECTOR = YES;
				GCC_WARN_UNINITIALIZED_AUTOS = YES_AGGRESSIVE;
				GCC_WARN_UNUSED_FUNCTION = YES;
				GCC_WARN_UNUSED_VARIABLE = YES;
				IPHONEOS_DEPLOYMENT_TARGET = 18.2;
				LOCALIZATION_PREFERS_STRING_CATALOGS = YES;
				MTL_ENABLE_DEBUG_INFO = NO;
				MTL_FAST_MATH = YES;
				SDKROOT = iphoneos;
				SWIFT_COMPILATION_MODE = wholemodule;
				VALIDATE_PRODUCT = YES;
			};
			name = Release;
		};
		E029BC4C2D8114FF0082BC58 /* Debug */ = {
			isa = XCBuildConfiguration;
			baseConfigurationReference = B54D1C393590AC85B153632B /* Pods-TrustArcMobileApp.debug.xcconfig */;
			buildSettings = {
				ASSETCATALOG_COMPILER_APPICON_NAME = AppIcon;
				ASSETCATALOG_COMPILER_GLOBAL_ACCENT_COLOR_NAME = AccentColor;
				CODE_SIGN_STYLE = Automatic;
				CURRENT_PROJECT_VERSION = 1;
				DEVELOPMENT_ASSET_PATHS = "\"TrustArcMobileApp/Preview Content\"";
				DEVELOPMENT_TEAM = 655353HC87;
				ENABLE_PREVIEWS = YES;
				ENABLE_USER_SCRIPT_SANDBOXING = NO;
				GENERATE_INFOPLIST_FILE = YES;
				INFOPLIST_KEY_CFBundleURLTypes = "{\"CFBundleURLName\"=>\"com.trustarc.deeplink\", \"CFBundleURLSchemes\"=>[\"trustarcccmdemo\"]}";
				INFOPLIST_KEY_NSUserTrackingUsageDescription = "Need to ask for tracking. Thanks";
				INFOPLIST_KEY_UIApplicationSceneManifest_Generation = YES;
				INFOPLIST_KEY_UIApplicationSupportsIndirectInputEvents = YES;
				INFOPLIST_KEY_UILaunchScreen_Generation = YES;
				INFOPLIST_KEY_UISupportedInterfaceOrientations_iPad = "UIInterfaceOrientationPortrait UIInterfaceOrientationPortraitUpsideDown UIInterfaceOrientationLandscapeLeft UIInterfaceOrientationLandscapeRight";
				INFOPLIST_KEY_UISupportedInterfaceOrientations_iPhone = "UIInterfaceOrientationPortrait UIInterfaceOrientationLandscapeLeft UIInterfaceOrientationLandscapeRight";
				IPHONEOS_DEPLOYMENT_TARGET = 18.0;
				LD_RUNPATH_SEARCH_PATHS = (
					"$(inherited)",
					"@executable_path/Frameworks",
				);
				MARKETING_VERSION = 1.0;
				PRODUCT_BUNDLE_IDENTIFIER = com.trustarc.TrustArcMobileApp;
				PRODUCT_NAME = "$(TARGET_NAME)";
				SUPPORTED_PLATFORMS = "iphoneos iphonesimulator";
				SUPPORTS_MACCATALYST = NO;
				SUPPORTS_MAC_DESIGNED_FOR_IPHONE_IPAD = NO;
				SUPPORTS_XR_DESIGNED_FOR_IPHONE_IPAD = NO;
				SWIFT_EMIT_LOC_STRINGS = YES;
				SWIFT_VERSION = 6.0;
				TARGETED_DEVICE_FAMILY = "1,2";
			};
			name = Debug;
		};
		E029BC4D2D8114FF0082BC58 /* Release */ = {
			isa = XCBuildConfiguration;
			baseConfigurationReference = 928332C2DAE63C49775DA806 /* Pods-TrustArcMobileApp.release.xcconfig */;
			buildSettings = {
				ASSETCATALOG_COMPILER_APPICON_NAME = AppIcon;
				ASSETCATALOG_COMPILER_GLOBAL_ACCENT_COLOR_NAME = AccentColor;
				CODE_SIGN_STYLE = Automatic;
				CURRENT_PROJECT_VERSION = 1;
				DEVELOPMENT_ASSET_PATHS = "\"TrustArcMobileApp/Preview Content\"";
				DEVELOPMENT_TEAM = 655353HC87;
				ENABLE_PREVIEWS = YES;
				ENABLE_USER_SCRIPT_SANDBOXING = NO;
				GENERATE_INFOPLIST_FILE = YES;
				INFOPLIST_KEY_CFBundleURLTypes = "{\"CFBundleURLName\"=>\"com.trustarc.deeplink\", \"CFBundleURLSchemes\"=>[\"trustarcccmdemo\"]}";
				INFOPLIST_KEY_NSUserTrackingUsageDescription = "Need to ask for tracking. Thanks";
				INFOPLIST_KEY_UIApplicationSceneManifest_Generation = YES;
				INFOPLIST_KEY_UIApplicationSupportsIndirectInputEvents = YES;
				INFOPLIST_KEY_UILaunchScreen_Generation = YES;
				INFOPLIST_KEY_UISupportedInterfaceOrientations_iPad = "UIInterfaceOrientationPortrait UIInterfaceOrientationPortraitUpsideDown UIInterfaceOrientationLandscapeLeft UIInterfaceOrientationLandscapeRight";
				INFOPLIST_KEY_UISupportedInterfaceOrientations_iPhone = "UIInterfaceOrientationPortrait UIInterfaceOrientationLandscapeLeft UIInterfaceOrientationLandscapeRight";
				IPHONEOS_DEPLOYMENT_TARGET = 18.0;
				LD_RUNPATH_SEARCH_PATHS = (
					"$(inherited)",
					"@executable_path/Frameworks",
				);
				MARKETING_VERSION = 1.0;
				PRODUCT_BUNDLE_IDENTIFIER = com.trustarc.TrustArcMobileApp;
				PRODUCT_NAME = "$(TARGET_NAME)";
				SUPPORTED_PLATFORMS = "iphoneos iphonesimulator";
				SUPPORTS_MACCATALYST = NO;
				SUPPORTS_MAC_DESIGNED_FOR_IPHONE_IPAD = NO;
				SUPPORTS_XR_DESIGNED_FOR_IPHONE_IPAD = NO;
				SWIFT_EMIT_LOC_STRINGS = YES;
				SWIFT_VERSION = 6.0;
				TARGETED_DEVICE_FAMILY = "1,2";
			};
			name = Release;
		};
		E029BC4F2D8114FF0082BC58 /* Debug */ = {
			isa = XCBuildConfiguration;
			baseConfigurationReference = 37D9A1AEDC415344AFC68231 /* Pods-TrustArcMobileAppTests.debug.xcconfig */;
			buildSettings = {
				BUNDLE_LOADER = "$(TEST_HOST)";
				CODE_SIGN_STYLE = Automatic;
				CURRENT_PROJECT_VERSION = 1;
				GENERATE_INFOPLIST_FILE = YES;
				IPHONEOS_DEPLOYMENT_TARGET = 18.2;
				MARKETING_VERSION = 1.0;
				PRODUCT_BUNDLE_IDENTIFIER = com.trustarc.TrustArcMobileAppTests;
				PRODUCT_NAME = "$(TARGET_NAME)";
				SWIFT_EMIT_LOC_STRINGS = NO;
				SWIFT_VERSION = 5.0;
				TARGETED_DEVICE_FAMILY = "1,2";
				TEST_HOST = "$(BUILT_PRODUCTS_DIR)/TrustArcMobileApp.app/$(BUNDLE_EXECUTABLE_FOLDER_PATH)/TrustArcMobileApp";
			};
			name = Debug;
		};
		E029BC502D8114FF0082BC58 /* Release */ = {
			isa = XCBuildConfiguration;
			baseConfigurationReference = 483E2202EBFEC78CFC8A2C86 /* Pods-TrustArcMobileAppTests.release.xcconfig */;
			buildSettings = {
				BUNDLE_LOADER = "$(TEST_HOST)";
				CODE_SIGN_STYLE = Automatic;
				CURRENT_PROJECT_VERSION = 1;
				GENERATE_INFOPLIST_FILE = YES;
				IPHONEOS_DEPLOYMENT_TARGET = 18.2;
				MARKETING_VERSION = 1.0;
				PRODUCT_BUNDLE_IDENTIFIER = com.trustarc.TrustArcMobileAppTests;
				PRODUCT_NAME = "$(TARGET_NAME)";
				SWIFT_EMIT_LOC_STRINGS = NO;
				SWIFT_VERSION = 5.0;
				TARGETED_DEVICE_FAMILY = "1,2";
				TEST_HOST = "$(BUILT_PRODUCTS_DIR)/TrustArcMobileApp.app/$(BUNDLE_EXECUTABLE_FOLDER_PATH)/TrustArcMobileApp";
			};
			name = Release;
		};
		E029BC522D8114FF0082BC58 /* Debug */ = {
			isa = XCBuildConfiguration;
			baseConfigurationReference = D749D17B4161CD5F8AD0F0DF /* Pods-TrustArcMobileApp-TrustArcMobileAppUITests.debug.xcconfig */;
			buildSettings = {
				CODE_SIGN_STYLE = Automatic;
				CURRENT_PROJECT_VERSION = 1;
				GENERATE_INFOPLIST_FILE = YES;
				MARKETING_VERSION = 1.0;
				PRODUCT_BUNDLE_IDENTIFIER = com.trustarc.TrustArcMobileAppUITests;
				PRODUCT_NAME = "$(TARGET_NAME)";
				SWIFT_EMIT_LOC_STRINGS = NO;
				SWIFT_VERSION = 5.0;
				TARGETED_DEVICE_FAMILY = "1,2";
				TEST_TARGET_NAME = TrustArcMobileApp;
			};
			name = Debug;
		};
		E029BC532D8114FF0082BC58 /* Release */ = {
			isa = XCBuildConfiguration;
			baseConfigurationReference = 6DB601BBE5851ACF3729779B /* Pods-TrustArcMobileApp-TrustArcMobileAppUITests.release.xcconfig */;
			buildSettings = {
				CODE_SIGN_STYLE = Automatic;
				CURRENT_PROJECT_VERSION = 1;
				GENERATE_INFOPLIST_FILE = YES;
				MARKETING_VERSION = 1.0;
				PRODUCT_BUNDLE_IDENTIFIER = com.trustarc.TrustArcMobileAppUITests;
				PRODUCT_NAME = "$(TARGET_NAME)";
				SWIFT_EMIT_LOC_STRINGS = NO;
				SWIFT_VERSION = 5.0;
				TARGETED_DEVICE_FAMILY = "1,2";
				TEST_TARGET_NAME = TrustArcMobileApp;
			};
			name = Release;
		};
/* End XCBuildConfiguration section */

/* Begin XCConfigurationList section */
		E029BC222D8114FC0082BC58 /* Build configuration list for PBXProject "TrustArcMobileApp" */ = {
			isa = XCConfigurationList;
			buildConfigurations = (
				E029BC492D8114FF0082BC58 /* Debug */,
				E029BC4A2D8114FF0082BC58 /* Release */,
			);
			defaultConfigurationIsVisible = 0;
			defaultConfigurationName = Release;
		};
		E029BC4B2D8114FF0082BC58 /* Build configuration list for PBXNativeTarget "TrustArcMobileApp" */ = {
			isa = XCConfigurationList;
			buildConfigurations = (
				E029BC4C2D8114FF0082BC58 /* Debug */,
				E029BC4D2D8114FF0082BC58 /* Release */,
			);
			defaultConfigurationIsVisible = 0;
			defaultConfigurationName = Release;
		};
		E029BC4E2D8114FF0082BC58 /* Build configuration list for PBXNativeTarget "TrustArcMobileAppTests" */ = {
			isa = XCConfigurationList;
			buildConfigurations = (
				E029BC4F2D8114FF0082BC58 /* Debug */,
				E029BC502D8114FF0082BC58 /* Release */,
			);
			defaultConfigurationIsVisible = 0;
			defaultConfigurationName = Release;
		};
		E029BC512D8114FF0082BC58 /* Build configuration list for PBXNativeTarget "TrustArcMobileAppUITests" */ = {
			isa = XCConfigurationList;
			buildConfigurations = (
				E029BC522D8114FF0082BC58 /* Debug */,
				E029BC532D8114FF0082BC58 /* Release */,
			);
			defaultConfigurationIsVisible = 0;
			defaultConfigurationName = Release;
		};
/* End XCConfigurationList section */
	};
	rootObject = E029BC1F2D8114FC0082BC58 /* Project object */;
}
